{
  "version": 4,
  "terraform_version": "1.9.3",
  "serial": 296,
  "lineage": "8a3f0843-7197-a0d6-b9eb-fb76423c0a74",
  "outputs": {},
  "resources": [
    {
      "mode": "data",
      "type": "azurerm_client_config",
      "name": "current",
      "provider": "provider[\"registry.terraform.io/hashicorp/azurerm\"]",
      "instances": [
        {
          "schema_version": 0,
          "attributes": {
            "client_id": "04b07795-8ddb-461a-bbee-02f9e1bf7b46",
            "id": "Y2xpZW50Q29uZmlncy9jbGllbnRJZD0wNGIwNzc5NS04ZGRiLTQ2MWEtYmJlZS0wMmY5ZTFiZjdiNDY7b2JqZWN0SWQ9ODFkMWQ4ZjktYzJlYS00MGQ2LTk1YjQtMWQ3OGJlMmEyZmU5O3N1YnNjcmlwdGlvbklkPTY3OTI5NjdlLTFlY2QtNDczZi1iYjc2LTdiZTgxNmEyMDRkZTt0ZW5hbnRJZD0zOTIzNDBlYi02YzY4LTQyZjgtYTA2ZC1mMzNjZDM2NzdiMjc=",
            "object_id": "81d1d8f9-c2ea-40d6-95b4-1d78be2a2fe9",
            "subscription_id": "6792967e-1ecd-473f-bb76-7be816a204de",
            "tenant_id": "392340eb-6c68-42f8-a06d-f33cd3677b27",
            "timeouts": null
          },
          "sensitive_attributes": []
        }
      ]
    },
    {
      "mode": "managed",
      "type": "azurerm_key_vault",
      "name": "vault",
      "provider": "provider[\"registry.terraform.io/hashicorp/azurerm\"]",
      "instances": [
        {
          "schema_version": 2,
          "attributes": {
            "access_policy": [
              {
                "application_id": "",
                "certificate_permissions": [],
                "key_permissions": [],
                "object_id": "81d1d8f9-c2ea-40d6-95b4-1d78be2a2fe9",
                "secret_permissions": [
                  "Get",
                  "List",
                  "Set",
                  "Delete",
                  "Purge"
                ],
                "storage_permissions": [],
                "tenant_id": "392340eb-6c68-42f8-a06d-f33cd3677b27"
              }
            ],
            "contact": [],
            "enable_rbac_authorization": false,
            "enabled_for_deployment": false,
            "enabled_for_disk_encryption": false,
            "enabled_for_template_deployment": false,
            "id": "/subscriptions/6792967e-1ecd-473f-bb76-7be816a204de/resourceGroups/weather-rg/providers/Microsoft.KeyVault/vaults/weather-keyvault",
            "location": "eastus",
            "name": "weather-keyvault",
            "network_acls": [
              {
                "bypass": "AzureServices",
                "default_action": "Allow",
                "ip_rules": [],
                "virtual_network_subnet_ids": []
              }
            ],
            "public_network_access_enabled": true,
            "purge_protection_enabled": false,
            "resource_group_name": "weather-rg",
            "sku_name": "standard",
            "soft_delete_retention_days": 7,
            "tags": {},
            "tenant_id": "392340eb-6c68-42f8-a06d-f33cd3677b27",
            "timeouts": null,
            "vault_uri": "https://weather-keyvault.vault.azure.net/"
          },
          "sensitive_attributes": [],
          "private": "eyJlMmJmYjczMC1lY2FhLTExZTYtOGY4OC0zNDM2M2JjN2M0YzAiOnsiY3JlYXRlIjoxODAwMDAwMDAwMDAwLCJkZWxldGUiOjE4MDAwMDAwMDAwMDAsInJlYWQiOjMwMDAwMDAwMDAwMCwidXBkYXRlIjoxODAwMDAwMDAwMDAwfSwic2NoZW1hX3ZlcnNpb24iOiIyIn0=",
          "dependencies": [
            "azurerm_resource_group.weather",
            "data.azurerm_client_config.current"
          ]
        }
      ]
    },
    {
      "mode": "managed",
      "type": "azurerm_resource_group",
      "name": "weather",
      "provider": "provider[\"registry.terraform.io/hashicorp/azurerm\"]",
      "instances": [
        {
          "schema_version": 0,
          "attributes": {
            "id": "/subscriptions/6792967e-1ecd-473f-bb76-7be816a204de/resourceGroups/weather-rg",
            "location": "eastus",
            "managed_by": "",
            "name": "weather-rg",
            "tags": {},
            "timeouts": null
          },
          "sensitive_attributes": [],
          "private": "eyJlMmJmYjczMC1lY2FhLTExZTYtOGY4OC0zNDM2M2JjN2M0YzAiOnsiY3JlYXRlIjo1NDAwMDAwMDAwMDAwLCJkZWxldGUiOjU0MDAwMDAwMDAwMDAsInJlYWQiOjMwMDAwMDAwMDAwMCwidXBkYXRlIjo1NDAwMDAwMDAwMDAwfX0="
        }
      ]
    }
  ],
  "check_results": null
}
